// !$*UTF8*$!
{
	archiveVersion = 1;
	classes = {
	};
	objectVersion = 46;
	objects = {

/* Begin PBXBuildFile section */
		82C6DBD41F38510600409956 /* AppDelegate.swift in Sources */ = {isa = PBXBuildFile; fileRef = 82C6DBD31F38510600409956 /* AppDelegate.swift */; };
		82C6DBD61F38510600409956 /* ViewController.swift in Sources */ = {isa = PBXBuildFile; fileRef = 82C6DBD51F38510600409956 /* ViewController.swift */; };
		82C6DBD91F38510600409956 /* Main.storyboard in Resources */ = {isa = PBXBuildFile; fileRef = 82C6DBD71F38510600409956 /* Main.storyboard */; };
		82C6DBDB1F38510600409956 /* Assets.xcassets in Resources */ = {isa = PBXBuildFile; fileRef = 82C6DBDA1F38510600409956 /* Assets.xcassets */; };
		82C6DBDE1F38510600409956 /* LaunchScreen.storyboard in Resources */ = {isa = PBXBuildFile; fileRef = 82C6DBDC1F38510600409956 /* LaunchScreen.storyboard */; };
		82C6DBE91F38510600409956 /* tipCalculatorTests.swift in Sources */ = {isa = PBXBuildFile; fileRef = 82C6DBE81F38510600409956 /* tipCalculatorTests.swift */; };
		82C6DBF41F38510600409956 /* tipCalculatorUITests.swift in Sources */ = {isa = PBXBuildFile; fileRef = 82C6DBF31F38510600409956 /* tipCalculatorUITests.swift */; };
		82C6DC041F38C79D00409956 /* SettingsViewController.swift in Sources */ = {isa = PBXBuildFile; fileRef = 82C6DC031F38C79D00409956 /* SettingsViewController.swift */; };
/* End PBXBuildFile section */

/* Begin PBXContainerItemProxy section */
		82C6DBE51F38510600409956 /* PBXContainerItemProxy */ = {
			isa = PBXContainerItemProxy;
			containerPortal = 82C6DBC81F38510600409956 /* Project object */;
			proxyType = 1;
			remoteGlobalIDString = 82C6DBCF1F38510600409956;
			remoteInfo = tipCalculator;
		};
		82C6DBF01F38510600409956 /* PBXContainerItemProxy */ = {
			isa = PBXContainerItemProxy;
			containerPortal = 82C6DBC81F38510600409956 /* Project object */;
			proxyType = 1;
			remoteGlobalIDString = 82C6DBCF1F38510600409956;
			remoteInfo = tipCalculator;
		};
/* End PBXContainerItemProxy section */

/* Begin PBXFileReference section */
		82C6DBD01F38510600409956 /* tipCalculator.app */ = {isa = PBXFileReference; explicitFileType = wrapper.application; includeInIndex = 0; path = tipCalculator.app; sourceTree = BUILT_PRODUCTS_DIR; };
		82C6DBD31F38510600409956 /* AppDelegate.swift */ = {isa = PBXFileReference; lastKnownFileType = sourcecode.swift; path = AppDelegate.swift; sourceTree = "<group>"; };
		82C6DBD51F38510600409956 /* ViewController.swift */ = {isa = PBXFileReference; lastKnownFileType = sourcecode.swift; path = ViewController.swift; sourceTree = "<group>"; };
		82C6DBD81F38510600409956 /* Base */ = {isa = PBXFileReference; lastKnownFileType = file.storyboard; name = Base; path = Base.lproj/Main.storyboard; sourceTree = "<group>"; };
		82C6DBDA1F38510600409956 /* Assets.xcassets */ = {isa = PBXFileReference; lastKnownFileType = folder.assetcatalog; path = Assets.xcassets; sourceTree = "<group>"; };
		82C6DBDD1F38510600409956 /* Base */ = {isa = PBXFileReference; lastKnownFileType = file.storyboard; name = Base; path = Base.lproj/LaunchScreen.storyboard; sourceTree = "<group>"; };
		82C6DBDF1F38510600409956 /* Info.plist */ = {isa = PBXFileReference; lastKnownFileType = text.plist.xml; path = Info.plist; sourceTree = "<group>"; };
		82C6DBE41F38510600409956 /* tipCalculatorTests.xctest */ = {isa = PBXFileReference; explicitFileType = wrapper.cfbundle; includeInIndex = 0; path = tipCalculatorTests.xctest; sourceTree = BUILT_PRODUCTS_DIR; };
		82C6DBE81F38510600409956 /* tipCalculatorTests.swift */ = {isa = PBXFileReference; lastKnownFileType = sourcecode.swift; path = tipCalculatorTests.swift; sourceTree = "<group>"; };
		82C6DBEA1F38510600409956 /* Info.plist */ = {isa = PBXFileReference; lastKnownFileType = text.plist.xml; path = Info.plist; sourceTree = "<group>"; };
		82C6DBEF1F38510600409956 /* tipCalculatorUITests.xctest */ = {isa = PBXFileReference; explicitFileType = wrapper.cfbundle; includeInIndex = 0; path = tipCalculatorUITests.xctest; sourceTree = BUILT_PRODUCTS_DIR; };
		82C6DBF31F38510600409956 /* tipCalculatorUITests.swift */ = {isa = PBXFileReference; lastKnownFileType = sourcecode.swift; path = tipCalculatorUITests.swift; sourceTree = "<group>"; };
		82C6DBF51F38510600409956 /* Info.plist */ = {isa = PBXFileReference; lastKnownFileType = text.plist.xml; path = Info.plist; sourceTree = "<group>"; };
		82C6DC031F38C79D00409956 /* SettingsViewController.swift */ = {isa = PBXFileReference; fileEncoding = 4; lastKnownFileType = sourcecode.swift; path = SettingsViewController.swift; sourceTree = "<group>"; };
/* End PBXFileReference section */

/* Begin PBXFrameworksBuildPhase section */
		82C6DBCD1F38510600409956 /* Frameworks */ = {
			isa = PBXFrameworksBuildPhase;
			buildActionMask = 2147483647;
			files = (
			);
			runOnlyForDeploymentPostprocessing = 0;
		};
		82C6DBE11F38510600409956 /* Frameworks */ = {
			isa = PBXFrameworksBuildPhase;
			buildActionMask = 2147483647;
			files = (
			);
			runOnlyForDeploymentPostprocessing = 0;
		};
		82C6DBEC1F38510600409956 /* Frameworks */ = {
			isa = PBXFrameworksBuildPhase;
			buildActionMask = 2147483647;
			files = (
			);
			runOnlyForDeploymentPostprocessing = 0;
		};
/* End PBXFrameworksBuildPhase section */

/* Begin PBXGroup section */
		82C6DBC71F38510600409956 = {
			isa = PBXGroup;
			children = (
				82C6DBD21F38510600409956 /* tipCalculator */,
				82C6DBE71F38510600409956 /* tipCalculatorTests */,
				82C6DBF21F38510600409956 /* tipCalculatorUITests */,
				82C6DBD11F38510600409956 /* Products */,
			);
			sourceTree = "<group>";
		};
		82C6DBD11F38510600409956 /* Products */ = {
			isa = PBXGroup;
			children = (
				82C6DBD01F38510600409956 /* tipCalculator.app */,
				82C6DBE41F38510600409956 /* tipCalculatorTests.xctest */,
				82C6DBEF1F38510600409956 /* tipCalculatorUITests.xctest */,
			);
			name = Products;
			sourceTree = "<group>";
		};
		82C6DBD21F38510600409956 /* tipCalculator */ = {
			isa = PBXGroup;
			children = (
				82C6DBD31F38510600409956 /* AppDelegate.swift */,
				82C6DBD51F38510600409956 /* ViewController.swift */,
				82C6DBD71F38510600409956 /* Main.storyboard */,
				82C6DC031F38C79D00409956 /* SettingsViewController.swift */,
				82C6DBDA1F38510600409956 /* Assets.xcassets */,
				82C6DBDC1F38510600409956 /* LaunchScreen.storyboard */,
				82C6DBDF1F38510600409956 /* Info.plist */,
			);
			path = tipCalculator;
			sourceTree = "<group>";
		};
		82C6DBE71F38510600409956 /* tipCalculatorTests */ = {
			isa = PBXGroup;
			children = (
				82C6DBE81F38510600409956 /* tipCalculatorTests.swift */,
				82C6DBEA1F38510600409956 /* Info.plist */,
			);
			path = tipCalculatorTests;
			sourceTree = "<group>";
		};
		82C6DBF21F38510600409956 /* tipCalculatorUITests */ = {
			isa = PBXGroup;
			children = (
				82C6DBF31F38510600409956 /* tipCalculatorUITests.swift */,
				82C6DBF51F38510600409956 /* Info.plist */,
			);
			path = tipCalculatorUITests;
			sourceTree = "<group>";
		};
/* End PBXGroup section */

/* Begin PBXNativeTarget section */
		82C6DBCF1F38510600409956 /* tipCalculator */ = {
			isa = PBXNativeTarget;
			buildConfigurationList = 82C6DBF81F38510600409956 /* Build configuration list for PBXNativeTarget "tipCalculator" */;
			buildPhases = (
				82C6DBCC1F38510600409956 /* Sources */,
				82C6DBCD1F38510600409956 /* Frameworks */,
				82C6DBCE1F38510600409956 /* Resources */,
			);
			buildRules = (
			);
			dependencies = (
			);
			name = tipCalculator;
			productName = tipCalculator;
			productReference = 82C6DBD01F38510600409956 /* tipCalculator.app */;
			productType = "com.apple.product-type.application";
		};
		82C6DBE31F38510600409956 /* tipCalculatorTests */ = {
			isa = PBXNativeTarget;
			buildConfigurationList = 82C6DBFB1F38510600409956 /* Build configuration list for PBXNativeTarget "tipCalculatorTests" */;
			buildPhases = (
				82C6DBE01F38510600409956 /* Sources */,
				82C6DBE11F38510600409956 /* Frameworks */,
				82C6DBE21F38510600409956 /* Resources */,
			);
			buildRules = (
			);
			dependencies = (
				82C6DBE61F38510600409956 /* PBXTargetDependency */,
			);
			name = tipCalculatorTests;
			productName = tipCalculatorTests;
			productReference = 82C6DBE41F38510600409956 /* tipCalculatorTests.xctest */;
			productType = "com.apple.product-type.bundle.unit-test";
		};
		82C6DBEE1F38510600409956 /* tipCalculatorUITests */ = {
			isa = PBXNativeTarget;
			buildConfigurationList = 82C6DBFE1F38510600409956 /* Build configuration list for PBXNativeTarget "tipCalculatorUITests" */;
			buildPhases = (
				82C6DBEB1F38510600409956 /* Sources */,
				82C6DBEC1F38510600409956 /* Frameworks */,
				82C6DBED1F38510600409956 /* Resources */,
			);
			buildRules = (
			);
			dependencies = (
				82C6DBF11F38510600409956 /* PBXTargetDependency */,
			);
			name = tipCalculatorUITests;
			productName = tipCalculatorUITests;
			productReference = 82C6DBEF1F38510600409956 /* tipCalculatorUITests.xctest */;
			productType = "com.apple.product-type.bundle.ui-testing";
		};
/* End PBXNativeTarget section */

/* Begin PBXProject section */
		82C6DBC81F38510600409956 /* Project object */ = {
			isa = PBXProject;
			attributes = {
				LastSwiftUpdateCheck = 0830;
				LastUpgradeCheck = 0830;
				ORGANIZATIONNAME = "Tsung Hung";
				TargetAttributes = {
					82C6DBCF1F38510600409956 = {
						CreatedOnToolsVersion = 8.3.3;
						ProvisioningStyle = Automatic;
					};
					82C6DBE31F38510600409956 = {
						CreatedOnToolsVersion = 8.3.3;
						ProvisioningStyle = Automatic;
						TestTargetID = 82C6DBCF1F38510600409956;
					};
					82C6DBEE1F38510600409956 = {
						CreatedOnToolsVersion = 8.3.3;
						ProvisioningStyle = Automatic;
						TestTargetID = 82C6DBCF1F38510600409956;
					};
				};
			};
			buildConfigurationList = 82C6DBCB1F38510600409956 /* Build configuration list for PBXProject "tipCalculator" */;
			compatibilityVersion = "Xcode 3.2";
			developmentRegion = English;
			hasScannedForEncodings = 0;
			knownRegions = (
				en,
				Base,
			);
			mainGroup = 82C6DBC71F38510600409956;
			productRefGroup = 82C6DBD11F38510600409956 /* Products */;
			projectDirPath = "";
			projectRoot = "";
			targets = (
				82C6DBCF1F38510600409956 /* tipCalculator */,
				82C6DBE31F38510600409956 /* tipCalculatorTests */,
				82C6DBEE1F38510600409956 /* tipCalculatorUITests */,
			);
		};
/* End PBXProject section */

/* Begin PBXResourcesBuildPhase section */
		82C6DBCE1F38510600409956 /* Resources */ = {
			isa = PBXResourcesBuildPhase;
			buildActionMask = 2147483647;
			files = (
				82C6DBDE1F38510600409956 /* LaunchScreen.storyboard in Resources */,
				82C6DBDB1F38510600409956 /* Assets.xcassets in Resources */,
				82C6DBD91F38510600409956 /* Main.storyboard in Resources */,
			);
			runOnlyForDeploymentPostprocessing = 0;
		};
		82C6DBE21F38510600409956 /* Resources */ = {
			isa = PBXResourcesBuildPhase;
			buildActionMask = 2147483647;
			files = (
			);
			runOnlyForDeploymentPostprocessing = 0;
		};
		82C6DBED1F38510600409956 /* Resources */ = {
			isa = PBXResourcesBuildPhase;
			buildActionMask = 2147483647;
			files = (
			);
			runOnlyForDeploymentPostprocessing = 0;
		};
/* End PBXResourcesBuildPhase section */

/* Begin PBXSourcesBuildPhase section */
		82C6DBCC1F38510600409956 /* Sources */ = {
			isa = PBXSourcesBuildPhase;
			buildActionMask = 2147483647;
			files = (
				82C6DBD61F38510600409956 /* ViewController.swift in Sources */,
				82C6DBD41F38510600409956 /* AppDelegate.swift in Sources */,
				82C6DC041F38C79D00409956 /* SettingsViewController.swift in Sources */,
			);
			runOnlyForDeploymentPostprocessing = 0;
		};
		82C6DBE01F38510600409956 /* Sources */ = {
			isa = PBXSourcesBuildPhase;
			buildActionMask = 2147483647;
			files = (
				82C6DBE91F38510600409956 /* tipCalculatorTests.swift in Sources */,
			);
			runOnlyForDeploymentPostprocessing = 0;
		};
		82C6DBEB1F38510600409956 /* Sources */ = {
			isa = PBXSourcesBuildPhase;
			buildActionMask = 2147483647;
			files = (
				82C6DBF41F38510600409956 /* tipCalculatorUITests.swift in Sources */,
			);
			runOnlyForDeploymentPostprocessing = 0;
		};
/* End PBXSourcesBuildPhase section */

/* Begin PBXTargetDependency section */
		82C6DBE61F38510600409956 /* PBXTargetDependency */ = {
			isa = PBXTargetDependency;
			target = 82C6DBCF1F38510600409956 /* tipCalculator */;
			targetProxy = 82C6DBE51F38510600409956 /* PBXContainerItemProxy */;
		};
		82C6DBF11F38510600409956 /* PBXTargetDependency */ = {
			isa = PBXTargetDependency;
			target = 82C6DBCF1F38510600409956 /* tipCalculator */;
			targetProxy = 82C6DBF01F38510600409956 /* PBXContainerItemProxy */;
		};
/* End PBXTargetDependency section */

/* Begin PBXVariantGroup section */
		82C6DBD71F38510600409956 /* Main.storyboard */ = {
			isa = PBXVariantGroup;
			children = (
				82C6DBD81F38510600409956 /* Base */,
			);
			name = Main.storyboard;
			sourceTree = "<group>";
		};
		82C6DBDC1F38510600409956 /* LaunchScreen.storyboard */ = {
			isa = PBXVariantGroup;
			children = (
				82C6DBDD1F38510600409956 /* Base */,
			);
			name = LaunchScreen.storyboard;
			sourceTree = "<group>";
		};
/* End PBXVariantGroup section */

/* Begin XCBuildConfiguration section */
		82C6DBF61F38510600409956 /* Debug */ = {
			isa = XCBuildConfiguration;
			buildSettings = {
				ALWAYS_SEARCH_USER_PATHS = NO;
				CLANG_ANALYZER_NONNULL = YES;
				CLANG_ANALYZER_NUMBER_OBJECT_CONVERSION = YES_AGGRESSIVE;
				CLANG_CXX_LANGUAGE_STANDARD = "gnu++0x";
				CLANG_CXX_LIBRARY = "libc++";
				CLANG_ENABLE_MODULES = YES;
				CLANG_ENABLE_OBJC_ARC = YES;
				CLANG_WARN_BOOL_CONVERSION = YES;
				CLANG_WARN_CONSTANT_CONVERSION = YES;
				CLANG_WARN_DIRECT_OBJC_ISA_USAGE = YES_ERROR;
				CLANG_WARN_DOCUMENTATION_COMMENTS = YES;
				CLANG_WARN_EMPTY_BODY = YES;
				CLANG_WARN_ENUM_CONVERSION = YES;
				CLANG_WARN_INFINITE_RECURSION = YES;
				CLANG_WARN_INT_CONVERSION = YES;
				CLANG_WARN_OBJC_ROOT_CLASS = YES_ERROR;
				CLANG_WARN_SUSPICIOUS_MOVE = YES;
				CLANG_WARN_UNREACHABLE_CODE = YES;
				CLANG_WARN__DUPLICATE_METHOD_MATCH = YES;
				"CODE_SIGN_IDENTITY[sdk=iphoneos*]" = "iPhone Developer";
				COPY_PHASE_STRIP = NO;
				DEBUG_INFORMATION_FORMAT = dwarf;
				ENABLE_STRICT_OBJC_MSGSEND = YES;
				ENABLE_TESTABILITY = YES;
				GCC_C_LANGUAGE_STANDARD = gnu99;
				GCC_DYNAMIC_NO_PIC = NO;
				GCC_NO_COMMON_BLOCKS = YES;
				GCC_OPTIMIZATION_LEVEL = 0;
				GCC_PREPROCESSOR_DEFINITIONS = (
					"DEBUG=1",
					"$(inherited)",
				);
				GCC_WARN_64_TO_32_BIT_CONVERSION = YES;
				GCC_WARN_ABOUT_RETURN_TYPE = YES_ERROR;
				GCC_WARN_UNDECLARED_SELECTOR = YES;
				GCC_WARN_UNINITIALIZED_AUTOS = YES_AGGRESSIVE;
				GCC_WARN_UNUSED_FUNCTION = YES;
				GCC_WARN_UNUSED_VARIABLE = YES;
				IPHONEOS_DEPLOYMENT_TARGET = 10.3;
				MTL_ENABLE_DEBUG_INFO = YES;
				ONLY_ACTIVE_ARCH = YES;
				SDKROOT = iphoneos;
				SWIFT_ACTIVE_COMPILATION_CONDITIONS = DEBUG;
				SWIFT_OPTIMIZATION_LEVEL = "-Onone";
			};
			name = Debug;
		};
		82C6DBF71F38510600409956 /* Release */ = {
			isa = XCBuildConfiguration;
			buildSettings = {
				ALWAYS_SEARCH_USER_PATHS = NO;
				CLANG_ANALYZER_NONNULL = YES;
				CLANG_ANALYZER_NUMBER_OBJECT_CONVERSION = YES_AGGRESSIVE;
				CLANG_CXX_LANGUAGE_STANDARD = "gnu++0x";
				CLANG_CXX_LIBRARY = "libc++";
				CLANG_ENABLE_MODULES = YES;
				CLANG_ENABLE_OBJC_ARC = YES;
				CLANG_WARN_BOOL_CONVERSION = YES;
				CLANG_WARN_CONSTANT_CONVERSION = YES;
				CLANG_WARN_DIRECT_OBJC_ISA_USAGE = YES_ERROR;
				CLANG_WARN_DOCUMENTATION_COMMENTS = YES;
				CLANG_WARN_EMPTY_BODY = YES;
				CLANG_WARN_ENUM_CONVERSION = YES;
				CLANG_WARN_INFINITE_RECURSION = YES;
				CLANG_WARN_INT_CONVERSION = YES;
				CLANG_WARN_OBJC_ROOT_CLASS = YES_ERROR;
				CLANG_WARN_SUSPICIOUS_MOVE = YES;
				CLANG_WARN_UNREACHABLE_CODE = YES;
				CLANG_WARN__DUPLICATE_METHOD_MATCH = YES;
				"CODE_SIGN_IDENTITY[sdk=iphoneos*]" = "iPhone Developer";
				COPY_PHASE_STRIP = NO;
				DEBUG_INFORMATION_FORMAT = "dwarf-with-dsym";
				ENABLE_NS_ASSERTIONS = NO;
				ENABLE_STRICT_OBJC_MSGSEND = YES;
				GCC_C_LANGUAGE_STANDARD = gnu99;
				GCC_NO_COMMON_BLOCKS = YES;
				GCC_WARN_64_TO_32_BIT_CONVERSION = YES;
				GCC_WARN_ABOUT_RETURN_TYPE = YES_ERROR;
				GCC_WARN_UNDECLARED_SELECTOR = YES;
				GCC_WARN_UNINITIALIZED_AUTOS = YES_AGGRESSIVE;
				GCC_WARN_UNUSED_FUNCTION = YES;
				GCC_WARN_UNUSED_VARIABLE = YES;
				IPHONEOS_DEPLOYMENT_TARGET = 10.3;
				MTL_ENABLE_DEBUG_INFO = NO;
				SDKROOT = iphoneos;
				SWIFT_OPTIMIZATION_LEVEL = "-Owholemodule";
				VALIDATE_PRODUCT = YES;
			};
			name = Release;
		};
		82C6DBF91F38510600409956 /* Debug */ = {
			isa = XCBuildConfiguration;
			buildSettings = {
				ASSETCATALOG_COMPILER_APPICON_NAME = AppIcon;
				INFOPLIST_FILE = tipCalculator/Info.plist;
				LD_RUNPATH_SEARCH_PATHS = "$(inherited) @executable_path/Frameworks";
				PRODUCT_BUNDLE_IDENTIFIER = masterfung.tipCalculator;
				PRODUCT_NAME = "$(TARGET_NAME)";
				SWIFT_VERSION = 3.0;
			};
			name = Debug;
		};
		82C6DBFA1F38510600409956 /* Release */ = {
			isa = XCBuildConfiguration;
			buildSettings = {
				ASSETCATALOG_COMPILER_APPICON_NAME = AppIcon;
				INFOPLIST_FILE = tipCalculator/Info.plist;
				LD_RUNPATH_SEARCH_PATHS = "$(inherited) @executable_path/Frameworks";
				PRODUCT_BUNDLE_IDENTIFIER = masterfung.tipCalculator;
				PRODUCT_NAME = "$(TARGET_NAME)";
				SWIFT_VERSION = 3.0;
			};
			name = Release;
		};
		82C6DBFC1F38510600409956 /* Debug */ = {
			isa = XCBuildConfiguration;
			buildSettings = {
				ALWAYS_EMBED_SWIFT_STANDARD_LIBRARIES = YES;
				BUNDLE_LOADER = "$(TEST_HOST)";
				INFOPLIST_FILE = tipCalculatorTests/Info.plist;
				LD_RUNPATH_SEARCH_PATHS = "$(inherited) @executable_path/Frameworks @loader_path/Frameworks";
				PRODUCT_BUNDLE_IDENTIFIER = masterfung.tipCalculatorTests;
				PRODUCT_NAME = "$(TARGET_NAME)";
				SWIFT_VERSION = 3.0;
				TEST_HOST = "$(BUILT_PRODUCTS_DIR)/tipCalculator.app/tipCalculator";
			};
			name = Debug;
		};
		82C6DBFD1F38510600409956 /* Release */ = {
			isa = XCBuildConfiguration;
			buildSettings = {
				ALWAYS_EMBED_SWIFT_STANDARD_LIBRARIES = YES;
				BUNDLE_LOADER = "$(TEST_HOST)";
				INFOPLIST_FILE = tipCalculatorTests/Info.plist;
				LD_RUNPATH_SEARCH_PATHS = "$(inherited) @executable_path/Frameworks @loader_path/Frameworks";
				PRODUCT_BUNDLE_IDENTIFIER = masterfung.tipCalculatorTests;
				PRODUCT_NAME = "$(TARGET_NAME)";
				SWIFT_VERSION = 3.0;
				TEST_HOST = "$(BUILT_PRODUCTS_DIR)/tipCalculator.app/tipCalculator";
			};
			name = Release;
		};
		82C6DBFF1F38510600409956 /* Debug */ = {
			isa = XCBuildConfiguration;
			buildSettings = {
				ALWAYS_EMBED_SWIFT_STANDARD_LIBRARIES = YES;
				INFOPLIST_FILE = tipCalculatorUITests/Info.plist;
				LD_RUNPATH_SEARCH_PATHS = "$(inherited) @executable_path/Frameworks @loader_path/Frameworks";
				PRODUCT_BUNDLE_IDENTIFIER = masterfung.tipCalculatorUITests;
				PRODUCT_NAME = "$(TARGET_NAME)";
				SWIFT_VERSION = 3.0;
				TEST_TARGET_NAME = tipCalculator;
			};
			name = Debug;
		};
		82C6DC001F38510600409956 /* Release */ = {
			isa = XCBuildConfiguration;
			buildSettings = {
				ALWAYS_EMBED_SWIFT_STANDARD_LIBRARIES = YES;
				INFOPLIST_FILE = tipCalculatorUITests/Info.plist;
				LD_RUNPATH_SEARCH_PATHS = "$(inherited) @executable_path/Frameworks @loader_path/Frameworks";
				PRODUCT_BUNDLE_IDENTIFIER = masterfung.tipCalculatorUITests;
				PRODUCT_NAME = "$(TARGET_NAME)";
				SWIFT_VERSION = 3.0;
				TEST_TARGET_NAME = tipCalculator;
			};
			name = Release;
		};
/* End XCBuildConfiguration section */

/* Begin XCConfigurationList section */
		82C6DBCB1F38510600409956 /* Build configuration list for PBXProject "tipCalculator" */ = {
			isa = XCConfigurationList;
			buildConfigurations = (
				82C6DBF61F38510600409956 /* Debug */,
				82C6DBF71F38510600409956 /* Release */,
			);
			defaultConfigurationIsVisible = 0;
			defaultConfigurationName = Release;
		};
		82C6DBF81F38510600409956 /* Build configuration list for PBXNativeTarget "tipCalculator" */ = {
			isa = XCConfigurationList;
			buildConfigurations = (
				82C6DBF91F38510600409956 /* Debug */,
				82C6DBFA1F38510600409956 /* Release */,
			);
			defaultConfigurationIsVisible = 0;
			defaultConfigurationName = Release;
		};
		82C6DBFB1F38510600409956 /* Build configuration list for PBXNativeTarget "tipCalculatorTests" */ = {
			isa = XCConfigurationList;
			buildConfigurations = (
				82C6DBFC1F38510600409956 /* Debug */,
				82C6DBFD1F38510600409956 /* Release */,
			);
			defaultConfigurationIsVisible = 0;
			defaultConfigurationName = Release;
		};
		82C6DBFE1F38510600409956 /* Build configuration list for PBXNativeTarget "tipCalculatorUITests" */ = {
			isa = XCConfigurationList;
			buildConfigurations = (
				82C6DBFF1F38510600409956 /* Debug */,
				82C6DC001F38510600409956 /* Release */,
			);
			defaultConfigurationIsVisible = 0;
			defaultConfigurationName = Release;
		};
/* End XCConfigurationList section */
	};
	rootObject = 82C6DBC81F38510600409956 /* Project object */;
}
